
Microsoft Visual Studio Solution File, Format Version 12.00
# Visual Studio Version 17
VisualStudioVersion = 17.3.32804.467
MinimumVisualStudioVersion = 10.0.40219.1
Project("{9A19103F-16F7-4668-BE54-9A1E7A4F7556}") = "Lesson12Hw", "Lesson12Hw.csproj", "{C928D90A-2E8B-4D80-AE6B-8DC786026069}"
EndProject
Global
	GlobalSection(SolutionConfigurationPlatforms) = preSolution
		Debug|Any CPU = Debug|Any CPU
		Release|Any CPU = Release|Any CPU
	EndGlobalSection
	GlobalSection(ProjectConfigurationPlatforms) = postSolution
		{C928D90A-2E8B-4D80-AE6B-8DC786026069}.Debug|Any CPU.ActiveCfg = Debug|Any CPU
		{C928D90A-2E8B-4D80-AE6B-8DC786026069}.Debug|Any CPU.Build.0 = Debug|Any CPU
		{C928D90A-2E8B-4D80-AE6B-8DC786026069}.Release|Any CPU.ActiveCfg = Release|Any CPU
		{C928D90A-2E8B-4D80-AE6B-8DC786026069}.Release|Any CPU.Build.0 = Release|Any CPU
	EndGlobalSection
	GlobalSection(SolutionProperties) = preSolution
		HideSolutionNode = FALSE
	EndGlobalSection
	GlobalSection(ExtensibilityGlobals) = postSolution
		SolutionGuid = {7E24850D-D8CC-46A9-A48F-CA8D910A3841}
	EndGlobalSection
EndGlobal
